{
  "nodes": {
    "dot-dunst": {
      "flake": false,
      "locked": {
        "lastModified": 1707985116,
        "narHash": "sha256-ntuJsgtwu3HMiwmZ56Sx1nEBMIBdL2Za+Zoqv8UFPsk=",
        "owner": "yqlbu",
        "repo": "dot-dunst",
        "rev": "783a5dba1e0fb7b2ca45df2f6313f5d58a534edb",
        "type": "github"
      },
      "original": {
        "owner": "yqlbu",
        "ref": "x1-carbon",
        "repo": "dot-dunst",
        "type": "github"
      }
    },
    "dot-fish": {
      "flake": false,
      "locked": {
        "lastModified": 1708225839,
        "narHash": "sha256-iBWhnp4Ykx0UWvQQBigY0qOv/3lv56o2fIlF35ZQkN8=",
        "owner": "yqlbu",
        "repo": "dot-fish",
        "rev": "83e3256da123abaaecd8f15e47a6d0892e32003f",
        "type": "github"
      },
      "original": {
        "owner": "yqlbu",
        "ref": "x1-carbon",
        "repo": "dot-fish",
        "type": "github"
      }
    },
    "dot-hypr": {
      "flake": false,
      "locked": {
        "lastModified": 1708479175,
        "narHash": "sha256-F/5IgIlcYK1X09Zq7GQ4hrUSCTPMr5NlYZ2+MzTz8CI=",
        "owner": "yqlbu",
        "repo": "dot-hypr",
        "rev": "1961da8c2a12e441a6fcff534631b1cd8762bb91",
        "type": "github"
      },
      "original": {
        "owner": "yqlbu",
        "ref": "x1-carbon",
        "repo": "dot-hypr",
        "type": "github"
      }
    },
    "dot-kitty": {
      "flake": false,
      "locked": {
        "lastModified": 1708093914,
        "narHash": "sha256-4GawX/A9B+wvaQJgN6w/8a1oFm/pt2Nm/N0Mo6cF4wY=",
        "owner": "yqlbu",
        "repo": "dot-kitty",
        "rev": "1cabdd40df50f9ad4fd6a812e33dcd49690cb6e0",
        "type": "github"
      },
      "original": {
        "owner": "yqlbu",
        "ref": "x1-carbon",
        "repo": "dot-kitty",
        "type": "github"
      }
    },
    "dot-lazygit": {
      "flake": false,
      "locked": {
        "lastModified": 1707402259,
        "narHash": "sha256-rvUHwQoI2lVYxaAMszOIx0IfhZ8CXUGESjcyxha0J6o=",
        "owner": "yqlbu",
        "repo": "dot-lazygit",
        "rev": "067cc94d41624e32ea52632d8eaad91be64f1c25",
        "type": "github"
      },
      "original": {
        "owner": "yqlbu",
        "repo": "dot-lazygit",
        "type": "github"
      }
    },
    "dot-lf": {
      "flake": false,
      "locked": {
        "lastModified": 1707401707,
        "narHash": "sha256-9zU6WCYUb3m4C+YPCQkQB67Va8gT/1gpzZWAsQnOKHE=",
        "owner": "yqlbu",
        "repo": "dot-lf",
        "rev": "54992b2cc08dc753a4aebce80c57483fef315f21",
        "type": "github"
      },
      "original": {
        "owner": "yqlbu",
        "repo": "dot-lf",
        "type": "github"
      }
    },
    "dot-nvim": {
      "flake": false,
      "locked": {
        "lastModified": 1707838987,
        "narHash": "sha256-7LX40Bo+yDJXcJqk33Rd66jY/d1lkURQjjGPr/0kSTg=",
        "owner": "yqlbu",
        "repo": "dot-nvim",
        "rev": "ddee0ccd34123318ad87515d52d3d59b45d26a3a",
        "type": "github"
      },
      "original": {
        "owner": "yqlbu",
        "repo": "dot-nvim",
        "type": "github"
      }
    },
    "dot-qutebrowser": {
      "flake": false,
      "locked": {
        "lastModified": 1708273169,
        "narHash": "sha256-fh/CCN9BjyVKYOA/leyosum/W3aKVzedqPtexBbfF40=",
        "owner": "yqlbu",
        "repo": "dot-qutebrowser",
        "rev": "3a745823d5c83163139f6884b29d88df26bd5762",
        "type": "github"
      },
      "original": {
        "owner": "yqlbu",
        "repo": "dot-qutebrowser",
        "type": "github"
      }
    },
    "dot-rofi": {
      "flake": false,
      "locked": {
        "lastModified": 1708443396,
        "narHash": "sha256-XwxoBCgzHu4edlA4N//bzcTfrPvc5RcHJVrEoUK8cQs=",
        "owner": "yqlbu",
        "repo": "dot-rofi",
        "rev": "4a025aa19165b36003806928a20fa2fd0187cc96",
        "type": "github"
      },
      "original": {
        "owner": "yqlbu",
        "ref": "x1-carbon",
        "repo": "dot-rofi",
        "type": "github"
      }
    },
    "dot-swappy": {
      "flake": false,
      "locked": {
        "lastModified": 1706799207,
        "narHash": "sha256-KayKkcdDgO6tSSEFM5JxNN+vRvVKKcC/mf1Ei929iwk=",
        "owner": "yqlbu",
        "repo": "dot-swappy",
        "rev": "88ec6525f8ef873320f10a4d4f5e77616f8c86fb",
        "type": "github"
      },
      "original": {
        "owner": "yqlbu",
        "ref": "master",
        "repo": "dot-swappy",
        "type": "github"
      }
    },
    "dot-swaylock": {
      "flake": false,
      "locked": {
        "lastModified": 1707984777,
        "narHash": "sha256-VvihL+pUe20+IYV5DQLkpm0/s5keCvLvxz2Zg8arpIg=",
        "owner": "yqlbu",
        "repo": "dot-swaylock",
        "rev": "1df72845bbced7a35df1e8de47b551d4d784bcdd",
        "type": "github"
      },
      "original": {
        "owner": "yqlbu",
        "ref": "x1-carbon",
        "repo": "dot-swaylock",
        "type": "github"
      }
    },
    "dot-swaync": {
      "flake": false,
      "locked": {
        "lastModified": 1708250947,
        "narHash": "sha256-p8JlkTtLWOe0Q51jtvw+pEhwnIHxccwU8RB5i8JY+k8=",
        "owner": "yqlbu",
        "repo": "dot-swaync",
        "rev": "87053fcdd9939352bedb487db448dec9cf026468",
        "type": "github"
      },
      "original": {
        "owner": "yqlbu",
        "ref": "x1-carbon",
        "repo": "dot-swaync",
        "type": "github"
      }
    },
    "dot-tmux": {
      "flake": false,
      "locked": {
        "lastModified": 1707655995,
        "narHash": "sha256-kdoA7Sl6+5b12p0SyLbbpw+04eqxojz+1eEYBe7Xh2E=",
        "owner": "yqlbu",
        "repo": "dot-tmux",
        "rev": "b516fd59660db84b4837e2a62c1dce8dbcc0f74e",
        "type": "github"
      },
      "original": {
        "owner": "yqlbu",
        "ref": "x1-carbon",
        "repo": "dot-tmux",
        "type": "github"
      }
    },
    "dot-waybar": {
      "flake": false,
      "locked": {
        "lastModified": 1708274065,
        "narHash": "sha256-/AOw1WSr96d57I7SRyWyxIOLua0gqxD+dzeodd77Fqw=",
        "owner": "yqlbu",
        "repo": "dot-waybar",
        "rev": "695b6282c1a58bd4006b09aa55ffa61f541623fd",
        "type": "github"
      },
      "original": {
        "owner": "yqlbu",
        "ref": "x1-carbon",
        "repo": "dot-waybar",
        "type": "github"
      }
    },
    "flake-utils": {
      "inputs": {
        "systems": "systems"
      },
      "locked": {
        "lastModified": 1705309234,
        "narHash": "sha256-uNRRNRKmJyCRC/8y1RqBkqWBLM034y4qN7EprSdmgyA=",
        "owner": "numtide",
        "repo": "flake-utils",
        "rev": "1ef2e671c3b0c19053962c07dbda38332dcebf26",
        "type": "github"
      },
      "original": {
        "owner": "numtide",
        "repo": "flake-utils",
        "type": "github"
      }
    },
    "nixpkgs": {
      "locked": {
        "lastModified": 1707970662,
        "narHash": "sha256-YT9KHhP6t/MucCe1nR6QScO78yAoNJnzAn8kHtP2KBo=",
        "owner": "nixos",
        "repo": "nixpkgs",
        "rev": "f893cc7daacb331292b4bb7788846329b5fe79da",
        "type": "github"
      },
      "original": {
        "owner": "nixos",
        "repo": "nixpkgs",
        "type": "github"
      }
    },
    "root": {
      "inputs": {
        "dot-dunst": "dot-dunst",
        "dot-fish": "dot-fish",
        "dot-hypr": "dot-hypr",
        "dot-kitty": "dot-kitty",
        "dot-lazygit": "dot-lazygit",
        "dot-lf": "dot-lf",
        "dot-nvim": "dot-nvim",
        "dot-qutebrowser": "dot-qutebrowser",
        "dot-rofi": "dot-rofi",
        "dot-swappy": "dot-swappy",
        "dot-swaylock": "dot-swaylock",
        "dot-swaync": "dot-swaync",
        "dot-tmux": "dot-tmux",
        "dot-waybar": "dot-waybar",
        "flake-utils": "flake-utils",
        "nixpkgs": "nixpkgs"
      }
    },
    "systems": {
      "locked": {
        "lastModified": 1681028828,
        "narHash": "sha256-Vy1rq5AaRuLzOxct8nz4T6wlgyUR7zLU309k9mBC768=",
        "owner": "nix-systems",
        "repo": "default",
        "rev": "da67096a3b9bf56a91d16901293e51ba5b49a27e",
        "type": "github"
      },
      "original": {
        "owner": "nix-systems",
        "repo": "default",
        "type": "github"
      }
    }
  },
  "root": "root",
  "version": 7
}
