{
  "nodes": {
    "alacritty-universal": {
      "flake": false,
      "locked": {
        "lastModified": 1730749316,
        "narHash": "sha256-Ue5iWczEIhrbuCDzhxLuyIh+Uclqem2OsINhhhTXnC8=",
        "owner": "piyoki",
        "repo": "dot-alacritty",
        "rev": "340f17e4a05f38eaf08464d3ab7163a988e43ac9",
        "type": "github"
      },
      "original": {
        "owner": "piyoki",
        "repo": "dot-alacritty",
        "type": "github"
      }
    },
    "dunst-laptop": {
      "flake": false,
      "locked": {
        "lastModified": 1723899152,
        "narHash": "sha256-BqyvfVgxf6aYtuPCjGdpWyvW2uiOquFyou7tqj93jCs=",
        "owner": "piyoki",
        "repo": "dot-dunst",
        "rev": "fcf11dc39ddd02f52ee0ddcc6b728cc090a6260a",
        "type": "github"
      },
      "original": {
        "owner": "piyoki",
        "ref": "x1-carbon",
        "repo": "dot-dunst",
        "type": "github"
      }
    },
    "dunst-universal": {
      "flake": false,
      "locked": {
        "lastModified": 1723899130,
        "narHash": "sha256-e7mpnc+apbsrLn/DQ0fQ+776wpzXMo5xLv5Zeg30jmA=",
        "owner": "piyoki",
        "repo": "dot-dunst",
        "rev": "93cc6d78367372b7f6a973abe73123549f2cca33",
        "type": "github"
      },
      "original": {
        "owner": "piyoki",
        "repo": "dot-dunst",
        "type": "github"
      }
    },
    "fish-universal": {
      "flake": false,
      "locked": {
        "lastModified": 1744555343,
        "narHash": "sha256-lUH5/ZXc+Xfb92Bso4VrgDP5uIea8Rwm/xWAMH6iRgI=",
        "owner": "piyoki",
        "repo": "dot-fish",
        "rev": "cd40955e560152e5fe7ba123f97c2710806491fd",
        "type": "github"
      },
      "original": {
        "owner": "piyoki",
        "repo": "dot-fish",
        "type": "github"
      }
    },
    "flake-utils": {
      "inputs": {
        "systems": "systems"
      },
      "locked": {
        "lastModified": 1710146030,
        "narHash": "sha256-SZ5L6eA7HJ/nmkzGG7/ISclqe6oZdOZTNoesiInkXPQ=",
        "owner": "numtide",
        "repo": "flake-utils",
        "rev": "b1d9ab70662946ef0850d488da1c9019f3a9752a",
        "type": "github"
      },
      "original": {
        "owner": "numtide",
        "repo": "flake-utils",
        "type": "github"
      }
    },
    "foot-universal": {
      "flake": false,
      "locked": {
        "lastModified": 1723899481,
        "narHash": "sha256-FJ054R19qRrKWH31e1RBL2EP8oGi/MvgsTZcavf0wtk=",
        "owner": "piyoki",
        "repo": "dot-foot",
        "rev": "ba7f2b037da56dc81022056e2f78cb0b933fc428",
        "type": "github"
      },
      "original": {
        "owner": "piyoki",
        "repo": "dot-foot",
        "type": "github"
      }
    },
    "hypr-laptop": {
      "flake": false,
      "locked": {
        "lastModified": 1745283345,
        "narHash": "sha256-c6rm0OwLF09+jy87gntoFzMnOrUc9DK9cwT5rQzWYgM=",
        "owner": "piyoki",
        "repo": "dot-hypr",
        "rev": "04cda5630cf64fc82bf2e271f8cb888f453149b3",
        "type": "github"
      },
      "original": {
        "owner": "piyoki",
        "ref": "x1-carbon",
        "repo": "dot-hypr",
        "type": "github"
      }
    },
    "hypr-universal": {
      "flake": false,
      "locked": {
        "lastModified": 1745283327,
        "narHash": "sha256-x7yu3+YVn8clk4IqblfjogiqeFbz2z39rUq+UFIkUfw=",
        "owner": "piyoki",
        "repo": "dot-hypr",
        "rev": "d4ab500714390b6d4c7d18528969cf08c996b2ec",
        "type": "github"
      },
      "original": {
        "owner": "piyoki",
        "repo": "dot-hypr",
        "type": "github"
      }
    },
    "kitty-universal": {
      "flake": false,
      "locked": {
        "lastModified": 1709432492,
        "narHash": "sha256-V9ar84hPxalQSUosjlwK2VSnyiYkaWJJ6bMHmpKbzJs=",
        "owner": "piyoki",
        "repo": "dot-kitty",
        "rev": "7e747d19d8fc40144bb6791c10a2e3bf1a7698a0",
        "type": "github"
      },
      "original": {
        "owner": "piyoki",
        "repo": "dot-kitty",
        "type": "github"
      }
    },
    "lazygit-universal": {
      "flake": false,
      "locked": {
        "lastModified": 1723899323,
        "narHash": "sha256-1w9FsLuEfQgG/2K7JO8Pz2AGVHtU0h5XyOEKah4xCxg=",
        "owner": "piyoki",
        "repo": "dot-lazygit",
        "rev": "e8184a642a7a45e1def4b08c9274fa71549e938a",
        "type": "github"
      },
      "original": {
        "owner": "piyoki",
        "repo": "dot-lazygit",
        "type": "github"
      }
    },
    "lf-universal": {
      "flake": false,
      "locked": {
        "lastModified": 1723899270,
        "narHash": "sha256-TtNb0bTLCdHZodoGtKy1q/w7To9JwskbPVsmhO7hK/E=",
        "owner": "piyoki",
        "repo": "dot-lf",
        "rev": "1370bb4e9bfbf9aa2a60c308d7876369cdb8162b",
        "type": "github"
      },
      "original": {
        "owner": "piyoki",
        "repo": "dot-lf",
        "type": "github"
      }
    },
    "mpv-universal": {
      "flake": false,
      "locked": {
        "lastModified": 1729108068,
        "narHash": "sha256-otQeMAJhebs4FATzXFkwwE8g663TiOfHZWdA0+ilaX4=",
        "owner": "piyoki",
        "repo": "dot-mpv",
        "rev": "41e4b3e5098dc20afd7234dfb690d1c19fa340d7",
        "type": "github"
      },
      "original": {
        "owner": "piyoki",
        "repo": "dot-mpv",
        "type": "github"
      }
    },
    "nixpkgs": {
      "locked": {
        "lastModified": 1723637854,
        "narHash": "sha256-med8+5DSWa2UnOqtdICndjDAEjxr5D7zaIiK4pn0Q7c=",
        "owner": "nixos",
        "repo": "nixpkgs",
        "rev": "c3aa7b8938b17aebd2deecf7be0636000d62a2b9",
        "type": "github"
      },
      "original": {
        "owner": "nixos",
        "ref": "nixos-unstable",
        "repo": "nixpkgs",
        "type": "github"
      }
    },
    "nvim-universal": {
      "flake": false,
      "locked": {
        "lastModified": 1747325491,
        "narHash": "sha256-5Tnr/7OK413OepPmnon07ANIFu9kk1Ev8h3mWwJkkew=",
        "owner": "piyoki",
        "repo": "dot-nvim",
        "rev": "38794dac5f40aaa25532528d9d7c44bae3209024",
        "type": "github"
      },
      "original": {
        "owner": "piyoki",
        "repo": "dot-nvim",
        "type": "github"
      }
    },
    "qutebrowser-universal": {
      "flake": false,
      "locked": {
        "lastModified": 1711982863,
        "narHash": "sha256-+/2nqiWhMbFHgu/cQAT8O213hydHKd05yzP1AtNAQyg=",
        "owner": "piyoki",
        "repo": "dot-qutebrowser",
        "rev": "62174b9c713823aaca2300a852f8433fd75926c8",
        "type": "github"
      },
      "original": {
        "owner": "piyoki",
        "repo": "dot-qutebrowser",
        "type": "github"
      }
    },
    "rofi-laptop": {
      "flake": false,
      "locked": {
        "lastModified": 1728353392,
        "narHash": "sha256-szdDvTq/4s4Zz5nGOCD4Z2vinC10Al1mV3cSkvR7sUs=",
        "owner": "piyoki",
        "repo": "dot-rofi",
        "rev": "041ec084c862cab3630e558d74ed77a28fdb1120",
        "type": "github"
      },
      "original": {
        "owner": "piyoki",
        "ref": "x1-carbon",
        "repo": "dot-rofi",
        "type": "github"
      }
    },
    "rofi-universal": {
      "flake": false,
      "locked": {
        "lastModified": 1728353379,
        "narHash": "sha256-Y2ERcmm3TB0gTaQz7X290bk5AFt66u8rR6RwkcR1gYo=",
        "owner": "piyoki",
        "repo": "dot-rofi",
        "rev": "30584296df8ea9c41793cd77a09922995f83124b",
        "type": "github"
      },
      "original": {
        "owner": "piyoki",
        "repo": "dot-rofi",
        "type": "github"
      }
    },
    "root": {
      "inputs": {
        "alacritty-universal": "alacritty-universal",
        "dunst-laptop": "dunst-laptop",
        "dunst-universal": "dunst-universal",
        "fish-universal": "fish-universal",
        "flake-utils": "flake-utils",
        "foot-universal": "foot-universal",
        "hypr-laptop": "hypr-laptop",
        "hypr-universal": "hypr-universal",
        "kitty-universal": "kitty-universal",
        "lazygit-universal": "lazygit-universal",
        "lf-universal": "lf-universal",
        "mpv-universal": "mpv-universal",
        "nixpkgs": "nixpkgs",
        "nvim-universal": "nvim-universal",
        "qutebrowser-universal": "qutebrowser-universal",
        "rofi-laptop": "rofi-laptop",
        "rofi-universal": "rofi-universal",
        "swappy-universal": "swappy-universal",
        "swaylock-universal": "swaylock-universal",
        "tmux-universal": "tmux-universal",
        "waybar-laptop": "waybar-laptop",
        "waybar-universal": "waybar-universal"
      }
    },
    "swappy-universal": {
      "flake": false,
      "locked": {
        "lastModified": 1723899095,
        "narHash": "sha256-/wMFY2pPTxSH++3uP9yR8Oj+D35qWlY1ZEYwjQN4t8g=",
        "owner": "piyoki",
        "repo": "dot-swappy",
        "rev": "0622e26912b63fd17da560f57af968c6cb53c65a",
        "type": "github"
      },
      "original": {
        "owner": "piyoki",
        "repo": "dot-swappy",
        "type": "github"
      }
    },
    "swaylock-universal": {
      "flake": false,
      "locked": {
        "lastModified": 1723899415,
        "narHash": "sha256-3PR+drViATd0ZrQLLJFlC/zj3GP+GiveKs31ETngO78=",
        "owner": "piyoki",
        "repo": "dot-swaylock",
        "rev": "e6e8d9c723b6cd8115d607eea92d2d40a9e6218f",
        "type": "github"
      },
      "original": {
        "owner": "piyoki",
        "repo": "dot-swaylock",
        "type": "github"
      }
    },
    "systems": {
      "locked": {
        "lastModified": 1681028828,
        "narHash": "sha256-Vy1rq5AaRuLzOxct8nz4T6wlgyUR7zLU309k9mBC768=",
        "owner": "nix-systems",
        "repo": "default",
        "rev": "da67096a3b9bf56a91d16901293e51ba5b49a27e",
        "type": "github"
      },
      "original": {
        "owner": "nix-systems",
        "repo": "default",
        "type": "github"
      }
    },
    "tmux-universal": {
      "flake": false,
      "locked": {
        "lastModified": 1747278433,
        "narHash": "sha256-YW7kccd2ZVzLyV7k/rUJWywkCGBB8JBKX8HR6JpFsLk=",
        "owner": "piyoki",
        "repo": "dot-tmux",
        "rev": "68d1d6b649d7c5bf16b50d8d11c616443b0803e0",
        "type": "github"
      },
      "original": {
        "owner": "piyoki",
        "repo": "dot-tmux",
        "type": "github"
      }
    },
    "waybar-laptop": {
      "flake": false,
      "locked": {
        "lastModified": 1746807386,
        "narHash": "sha256-1Y5zImmnAO+31my9qLv1B3u0T9Bfpza232wFvtXKGyQ=",
        "owner": "piyoki",
        "repo": "dot-waybar",
        "rev": "cc8140bf74fd96b60dc429ad69ff03ebb08d4c56",
        "type": "github"
      },
      "original": {
        "owner": "piyoki",
        "ref": "x1-carbon",
        "repo": "dot-waybar",
        "type": "github"
      }
    },
    "waybar-universal": {
      "flake": false,
      "locked": {
        "lastModified": 1746546645,
        "narHash": "sha256-79YPGjnY3j06u4gbo4azepIqEVau/ZJKrtpw+4zL8Kk=",
        "owner": "piyoki",
        "repo": "dot-waybar",
        "rev": "e901ea0dc5f5ca35403793dda1e8edef6705821f",
        "type": "github"
      },
      "original": {
        "owner": "piyoki",
        "repo": "dot-waybar",
        "type": "github"
      }
    }
  },
  "root": "root",
  "version": 7
}
