{
  "nodes": {
    "alacritty-universal": {
      "flake": false,
      "locked": {
        "lastModified": 1711987002,
        "narHash": "sha256-mQmu2zLRAiyw4OiooBbBI6CCDCMeFCCVjsvR2hBkXek=",
        "owner": "piyoki",
        "repo": "dot-alacritty",
        "rev": "c7a1a4f3ff62b0f0319aa8514846649f1a2ce94e",
        "type": "github"
      },
      "original": {
        "owner": "piyoki",
        "repo": "dot-alacritty",
        "type": "github"
      }
    },
    "dunst-laptop": {
      "flake": false,
      "locked": {
        "lastModified": 1709432846,
        "narHash": "sha256-Tquni9bEZOJly9vzCWh46DnKxS3cUHWka0cIvs9ZAFU=",
        "owner": "piyoki",
        "repo": "dot-dunst",
        "rev": "2bfcd7c8220d32d24b8a37b042a6145ac45120f0",
        "type": "github"
      },
      "original": {
        "owner": "piyoki",
        "ref": "x1-carbon",
        "repo": "dot-dunst",
        "type": "github"
      }
    },
    "dunst-universal": {
      "flake": false,
      "locked": {
        "lastModified": 1709432988,
        "narHash": "sha256-dvgPbsSSmytiBZzxgFGGAiEZQCqzF2uBj7ehVVrF/1c=",
        "owner": "piyoki",
        "repo": "dot-dunst",
        "rev": "0d53f819643fdcae85cc609116cffe7eab26cf82",
        "type": "github"
      },
      "original": {
        "owner": "piyoki",
        "repo": "dot-dunst",
        "type": "github"
      }
    },
    "fish-universal": {
      "flake": false,
      "locked": {
        "lastModified": 1719912810,
        "narHash": "sha256-SaEbMGY8jt/X3k8LLlEglWa1ziag9LD4oZdIrQSctH8=",
        "owner": "piyoki",
        "repo": "dot-fish",
        "rev": "83469a60d690aae3464ac037eaad07c3521ec10a",
        "type": "github"
      },
      "original": {
        "owner": "piyoki",
        "repo": "dot-fish",
        "type": "github"
      }
    },
    "flake-utils": {
      "inputs": {
        "systems": "systems"
      },
      "locked": {
        "lastModified": 1710146030,
        "narHash": "sha256-SZ5L6eA7HJ/nmkzGG7/ISclqe6oZdOZTNoesiInkXPQ=",
        "owner": "numtide",
        "repo": "flake-utils",
        "rev": "b1d9ab70662946ef0850d488da1c9019f3a9752a",
        "type": "github"
      },
      "original": {
        "owner": "numtide",
        "repo": "flake-utils",
        "type": "github"
      }
    },
    "foot-universal": {
      "flake": false,
      "locked": {
        "lastModified": 1711986953,
        "narHash": "sha256-YIvGP7dX+/VJYevZYhh/F4x4TggAbAIqfA6hmrKzmw0=",
        "owner": "piyoki",
        "repo": "dot-foot",
        "rev": "6d649450479208b41ae76b6146300c479475f65c",
        "type": "github"
      },
      "original": {
        "owner": "piyoki",
        "repo": "dot-foot",
        "type": "github"
      }
    },
    "hypr-laptop": {
      "flake": false,
      "locked": {
        "lastModified": 1723563198,
        "narHash": "sha256-QckDkx5bUm9dHcCJBPNpOP8qFK6jEMnBEGXKA99MTSs=",
        "owner": "piyoki",
        "repo": "dot-hypr",
        "rev": "bb81f73bac96e95b0fba59f17d52a2c4266fee41",
        "type": "github"
      },
      "original": {
        "owner": "piyoki",
        "ref": "x1-carbon",
        "repo": "dot-hypr",
        "type": "github"
      }
    },
    "hypr-universal": {
      "flake": false,
      "locked": {
        "lastModified": 1723563172,
        "narHash": "sha256-Or494sqvP7tHSuINlnw1r6YVeKF3hYlvIkB6SdVpxTI=",
        "owner": "piyoki",
        "repo": "dot-hypr",
        "rev": "a312b877c9962202b18e1296b60e578836c3f4d7",
        "type": "github"
      },
      "original": {
        "owner": "piyoki",
        "repo": "dot-hypr",
        "type": "github"
      }
    },
    "kitty-universal": {
      "flake": false,
      "locked": {
        "lastModified": 1709432492,
        "narHash": "sha256-V9ar84hPxalQSUosjlwK2VSnyiYkaWJJ6bMHmpKbzJs=",
        "owner": "piyoki",
        "repo": "dot-kitty",
        "rev": "7e747d19d8fc40144bb6791c10a2e3bf1a7698a0",
        "type": "github"
      },
      "original": {
        "owner": "piyoki",
        "repo": "dot-kitty",
        "type": "github"
      }
    },
    "lazygit-universal": {
      "flake": false,
      "locked": {
        "lastModified": 1723564022,
        "narHash": "sha256-Vw/4KThLTcwFSxGI/bzFNZ4ByBzc8kUP7SpQhOEF1v8=",
        "owner": "piyoki",
        "repo": "dot-lazygit",
        "rev": "b3cac73ad652aa089f064b3b400235679734f93c",
        "type": "github"
      },
      "original": {
        "owner": "piyoki",
        "repo": "dot-lazygit",
        "type": "github"
      }
    },
    "lf-universal": {
      "flake": false,
      "locked": {
        "lastModified": 1723563928,
        "narHash": "sha256-yPiZBeYaO304ltD3XCA5Wd1sH5s0qOH9rQn/5nvyy6Q=",
        "owner": "piyoki",
        "repo": "dot-lf",
        "rev": "053db46c0506d58692f79209446f7afe2e5cf9f7",
        "type": "github"
      },
      "original": {
        "owner": "piyoki",
        "repo": "dot-lf",
        "type": "github"
      }
    },
    "nixpkgs": {
      "locked": {
        "lastModified": 1711703276,
        "narHash": "sha256-iMUFArF0WCatKK6RzfUJknjem0H9m4KgorO/p3Dopkk=",
        "owner": "nixos",
        "repo": "nixpkgs",
        "rev": "d8fe5e6c92d0d190646fb9f1056741a229980089",
        "type": "github"
      },
      "original": {
        "owner": "nixos",
        "ref": "nixos-unstable",
        "repo": "nixpkgs",
        "type": "github"
      }
    },
    "nvim-universal": {
      "flake": false,
      "locked": {
        "lastModified": 1723563781,
        "narHash": "sha256-cd8i1CY2f/4bPgMP81Rp38p1j8qemLTXPX1ZW0N5wD4=",
        "owner": "piyoki",
        "repo": "dot-nvim",
        "rev": "0f11cbfaefca41c81467f48d638a88ffab1d6db9",
        "type": "github"
      },
      "original": {
        "owner": "piyoki",
        "repo": "dot-nvim",
        "type": "github"
      }
    },
    "qutebrowser-universal": {
      "flake": false,
      "locked": {
        "lastModified": 1711982863,
        "narHash": "sha256-+/2nqiWhMbFHgu/cQAT8O213hydHKd05yzP1AtNAQyg=",
        "owner": "piyoki",
        "repo": "dot-qutebrowser",
        "rev": "62174b9c713823aaca2300a852f8433fd75926c8",
        "type": "github"
      },
      "original": {
        "owner": "piyoki",
        "repo": "dot-qutebrowser",
        "type": "github"
      }
    },
    "rofi-laptop": {
      "flake": false,
      "locked": {
        "lastModified": 1723321365,
        "narHash": "sha256-aGsLW+9PQ3zAZuK+odBkz36FisDpTNt5JweyreoDPiM=",
        "owner": "piyoki",
        "repo": "dot-rofi",
        "rev": "3324521c612d1281e56204ebb83558268e0991ee",
        "type": "github"
      },
      "original": {
        "owner": "piyoki",
        "ref": "x1-carbon",
        "repo": "dot-rofi",
        "type": "github"
      }
    },
    "rofi-universal": {
      "flake": false,
      "locked": {
        "lastModified": 1723564199,
        "narHash": "sha256-cMVcPulqxZsnY4vmKNOiQmNLcgpvNsqAacMuf14gOzE=",
        "owner": "piyoki",
        "repo": "dot-rofi",
        "rev": "6936aba63ce1c6a871296821a4417435699795a1",
        "type": "github"
      },
      "original": {
        "owner": "piyoki",
        "repo": "dot-rofi",
        "type": "github"
      }
    },
    "root": {
      "inputs": {
        "alacritty-universal": "alacritty-universal",
        "dunst-laptop": "dunst-laptop",
        "dunst-universal": "dunst-universal",
        "fish-universal": "fish-universal",
        "flake-utils": "flake-utils",
        "foot-universal": "foot-universal",
        "hypr-laptop": "hypr-laptop",
        "hypr-universal": "hypr-universal",
        "kitty-universal": "kitty-universal",
        "lazygit-universal": "lazygit-universal",
        "lf-universal": "lf-universal",
        "nixpkgs": "nixpkgs",
        "nvim-universal": "nvim-universal",
        "qutebrowser-universal": "qutebrowser-universal",
        "rofi-laptop": "rofi-laptop",
        "rofi-universal": "rofi-universal",
        "swappy-universal": "swappy-universal",
        "swaylock-universal": "swaylock-universal",
        "tmux-universal": "tmux-universal",
        "waybar-laptop": "waybar-laptop",
        "waybar-universal": "waybar-universal"
      }
    },
    "swappy-universal": {
      "flake": false,
      "locked": {
        "lastModified": 1723564452,
        "narHash": "sha256-k2wPkBsTIeETIQbkBV3/Ugzy5WddQbqYhTNOZgTApd0=",
        "owner": "piyoki",
        "repo": "dot-swappy",
        "rev": "7bc3bbf02087db44afb672e562e9b24c21801d25",
        "type": "github"
      },
      "original": {
        "owner": "piyoki",
        "repo": "dot-swappy",
        "type": "github"
      }
    },
    "swaylock-universal": {
      "flake": false,
      "locked": {
        "lastModified": 1723564315,
        "narHash": "sha256-fC/u9hWBg/Jbt8Qyix9inogBxatyxeJgIkQChAPfSlM=",
        "owner": "piyoki",
        "repo": "dot-swaylock",
        "rev": "beb623fcb6f4f8e6a10ec2256078c214913d434b",
        "type": "github"
      },
      "original": {
        "owner": "piyoki",
        "repo": "dot-swaylock",
        "type": "github"
      }
    },
    "systems": {
      "locked": {
        "lastModified": 1681028828,
        "narHash": "sha256-Vy1rq5AaRuLzOxct8nz4T6wlgyUR7zLU309k9mBC768=",
        "owner": "nix-systems",
        "repo": "default",
        "rev": "da67096a3b9bf56a91d16901293e51ba5b49a27e",
        "type": "github"
      },
      "original": {
        "owner": "nix-systems",
        "repo": "default",
        "type": "github"
      }
    },
    "tmux-universal": {
      "flake": false,
      "locked": {
        "lastModified": 1723564551,
        "narHash": "sha256-KGe6dxtK9pIJS9fkV9eKG8j6/eO0cR/Dp/dxACyYTZk=",
        "owner": "piyoki",
        "repo": "dot-tmux",
        "rev": "71d96b218b26fe028f4c830e9a1a4335583cd366",
        "type": "github"
      },
      "original": {
        "owner": "piyoki",
        "repo": "dot-tmux",
        "type": "github"
      }
    },
    "waybar-laptop": {
      "flake": false,
      "locked": {
        "lastModified": 1723563403,
        "narHash": "sha256-z75iL5FWsuankXOHN2YW19qgggWUKlNgakRQPTV2oEc=",
        "owner": "piyoki",
        "repo": "dot-waybar",
        "rev": "df273b6256c8808693218b3bf9b1f481becbe08c",
        "type": "github"
      },
      "original": {
        "owner": "piyoki",
        "ref": "x1-carbon",
        "repo": "dot-waybar",
        "type": "github"
      }
    },
    "waybar-universal": {
      "flake": false,
      "locked": {
        "lastModified": 1723563383,
        "narHash": "sha256-OWS41JXY9G+gqLiKGjxjhR+uJCnTLih2dB+PMbS3r0c=",
        "owner": "piyoki",
        "repo": "dot-waybar",
        "rev": "6f9fe9f8c410e2509d058b8d5078a4beeaa40b3a",
        "type": "github"
      },
      "original": {
        "owner": "piyoki",
        "repo": "dot-waybar",
        "type": "github"
      }
    }
  },
  "root": "root",
  "version": 7
}
